
Microsoft Visual Studio Solution File, Format Version 12.00
# Visual Studio Version 17
VisualStudioVersion = 17.13.35828.75 d17.13
MinimumVisualStudioVersion = 10.0.40219.1
Project("{FAE04EC0-301F-11D3-BF4B-00C04F79EFBC}") = "DemoWebCase", "DemoWebCase\DemoWebCase.csproj", "{16217C84-8818-4FEA-80C6-0672E806AB77}"
EndProject
Global
	GlobalSection(SolutionConfigurationPlatforms) = preSolution
		Debug|Any CPU = Debug|Any CPU
		Release|Any CPU = Release|Any CPU
	EndGlobalSection
	GlobalSection(ProjectConfigurationPlatforms) = postSolution
		{16217C84-8818-4FEA-80C6-0672E806AB77}.Debug|Any CPU.ActiveCfg = Debug|Any CPU
		{16217C84-8818-4FEA-80C6-0672E806AB77}.Debug|Any CPU.Build.0 = Debug|Any CPU
		{16217C84-8818-4FEA-80C6-0672E806AB77}.Release|Any CPU.ActiveCfg = Release|Any CPU
		{16217C84-8818-4FEA-80C6-0672E806AB77}.Release|Any CPU.Build.0 = Release|Any CPU
	EndGlobalSection
	GlobalSection(SolutionProperties) = preSolution
		HideSolutionNode = FALSE
	EndGlobalSection
	GlobalSection(ExtensibilityGlobals) = postSolution
		SolutionGuid = {2149F697-697D-4A19-9543-31081F823A49}
	EndGlobalSection
EndGlobal
